// !$*UTF8*$!
{
	archiveVersion = 1;
	classes = {
	};
	objectVersion = 51;
	objects = {

/* Begin PBXBuildFile section */
		03013E1015B4CF7FC7105B26 /* Pods_Saudeja.framework in Frameworks */ = {isa = PBXBuildFile; fileRef = 10C9AC8D67E8BF0CD0796F53 /* Pods_Saudeja.framework */; };
		8C07A3DA23181878006DBC75 /* ConfigViewController.swift in Sources */ = {isa = PBXBuildFile; fileRef = 8C07A3D923181878006DBC75 /* ConfigViewController.swift */; };
		8C07A3DC231822CD006DBC75 /* PerfilViewController.swift in Sources */ = {isa = PBXBuildFile; fileRef = 8C07A3DB231822CD006DBC75 /* PerfilViewController.swift */; };
		8C07A3DE2318230A006DBC75 /* CalendarioViewController.swift in Sources */ = {isa = PBXBuildFile; fileRef = 8C07A3DD2318230A006DBC75 /* CalendarioViewController.swift */; };
		8C07A3E023182379006DBC75 /* SaudeViewController.swift in Sources */ = {isa = PBXBuildFile; fileRef = 8C07A3DF23182379006DBC75 /* SaudeViewController.swift */; };
		8C07A3E22318239A006DBC75 /* LojasViewController.swift in Sources */ = {isa = PBXBuildFile; fileRef = 8C07A3E12318239A006DBC75 /* LojasViewController.swift */; };
		8C07A3E42318242A006DBC75 /* PrincipalTabBarController.swift in Sources */ = {isa = PBXBuildFile; fileRef = 8C07A3E32318242A006DBC75 /* PrincipalTabBarController.swift */; };
		8C07A3F223185565006DBC75 /* IndicesTableViewController.swift in Sources */ = {isa = PBXBuildFile; fileRef = 8C07A3F123185565006DBC75 /* IndicesTableViewController.swift */; };
		8C07A3F423185573006DBC75 /* DicasTableViewController.swift in Sources */ = {isa = PBXBuildFile; fileRef = 8C07A3F323185573006DBC75 /* DicasTableViewController.swift */; };
		8C07A3F623185585006DBC75 /* ReceitasTableViewController.swift in Sources */ = {isa = PBXBuildFile; fileRef = 8C07A3F523185585006DBC75 /* ReceitasTableViewController.swift */; };
		8C07A3F82318558E006DBC75 /* AlimentosTableViewController.swift in Sources */ = {isa = PBXBuildFile; fileRef = 8C07A3F72318558E006DBC75 /* AlimentosTableViewController.swift */; };
		8C07A3FA23187E9C006DBC75 /* AtividadeFisica.swift in Sources */ = {isa = PBXBuildFile; fileRef = 8C07A3F923187E9C006DBC75 /* AtividadeFisica.swift */; };
		8C07A3FC231884BD006DBC75 /* ToolbarPickerView.swift in Sources */ = {isa = PBXBuildFile; fileRef = 8C07A3FB231884BD006DBC75 /* ToolbarPickerView.swift */; };
		8C07A4042319B058006DBC75 /* ColumnStringPickerPopover.storyboard in Resources */ = {isa = PBXBuildFile; fileRef = 8C07A4012319B058006DBC75 /* ColumnStringPickerPopover.storyboard */; };
		8C07A4052319B058006DBC75 /* ColumnStringPickerPopoverViewController.swift in Sources */ = {isa = PBXBuildFile; fileRef = 8C07A4022319B058006DBC75 /* ColumnStringPickerPopoverViewController.swift */; };
		8C07A4062319B058006DBC75 /* ColumnStringPickerPopover.swift in Sources */ = {isa = PBXBuildFile; fileRef = 8C07A4032319B058006DBC75 /* ColumnStringPickerPopover.swift */; };
		8C07A4082319B150006DBC75 /* AbstractPopover.swift in Sources */ = {isa = PBXBuildFile; fileRef = 8C07A4072319B150006DBC75 /* AbstractPopover.swift */; };
		8C3721072312A1E2001D5580 /* AppDelegate.swift in Sources */ = {isa = PBXBuildFile; fileRef = 8C3721062312A1E2001D5580 /* AppDelegate.swift */; };
		8C3721092312A1E2001D5580 /* ViewController.swift in Sources */ = {isa = PBXBuildFile; fileRef = 8C3721082312A1E2001D5580 /* ViewController.swift */; };
		8C37210E2312A1E5001D5580 /* Assets.xcassets in Resources */ = {isa = PBXBuildFile; fileRef = 8C37210D2312A1E5001D5580 /* Assets.xcassets */; };
		8C3721112312A1E5001D5580 /* LaunchScreen.storyboard in Resources */ = {isa = PBXBuildFile; fileRef = 8C37210F2312A1E5001D5580 /* LaunchScreen.storyboard */; };
		8C37211C2312A1E5001D5580 /* SaudejaTests.swift in Sources */ = {isa = PBXBuildFile; fileRef = 8C37211B2312A1E5001D5580 /* SaudejaTests.swift */; };
		8C3721272312A1E5001D5580 /* SaudejaUITests.swift in Sources */ = {isa = PBXBuildFile; fileRef = 8C3721262312A1E5001D5580 /* SaudejaUITests.swift */; };
		8C3721372312A3D3001D5580 /* GoogleService-Info.plist in Resources */ = {isa = PBXBuildFile; fileRef = 8C3721362312A3D3001D5580 /* GoogleService-Info.plist */; };
		8C79EAA5233196D000FD57F5 /* pickerAtividadesFisica.json in Resources */ = {isa = PBXBuildFile; fileRef = 8C79EAA4233196D000FD57F5 /* pickerAtividadesFisica.json */; };
		8CF57E102314521400571058 /* Main.storyboard in Resources */ = {isa = PBXBuildFile; fileRef = 8CF57E0F2314521400571058 /* Main.storyboard */; };
		8CF57E1323156B3100571058 /* EntrarViewController.swift in Sources */ = {isa = PBXBuildFile; fileRef = 8CF57E1123156B3100571058 /* EntrarViewController.swift */; };
		8CF57E1423156B3100571058 /* CadastroViewController.swift in Sources */ = {isa = PBXBuildFile; fileRef = 8CF57E1223156B3100571058 /* CadastroViewController.swift */; };
		8CF57E1723156BC200571058 /* Alerta.swift in Sources */ = {isa = PBXBuildFile; fileRef = 8CF57E1523156BC200571058 /* Alerta.swift */; };
		8CF57E1823156BC200571058 /* Usuario.swift in Sources */ = {isa = PBXBuildFile; fileRef = 8CF57E1623156BC200571058 /* Usuario.swift */; };
/* End PBXBuildFile section */

/* Begin PBXContainerItemProxy section */
		8C3721182312A1E5001D5580 /* PBXContainerItemProxy */ = {
			isa = PBXContainerItemProxy;
			containerPortal = 8C3720FB2312A1E2001D5580 /* Project object */;
			proxyType = 1;
			remoteGlobalIDString = 8C3721022312A1E2001D5580;
			remoteInfo = Saudeja;
		};
		8C3721232312A1E5001D5580 /* PBXContainerItemProxy */ = {
			isa = PBXContainerItemProxy;
			containerPortal = 8C3720FB2312A1E2001D5580 /* Project object */;
			proxyType = 1;
			remoteGlobalIDString = 8C3721022312A1E2001D5580;
			remoteInfo = Saudeja;
		};
/* End PBXContainerItemProxy section */

/* Begin PBXFileReference section */
		10C9AC8D67E8BF0CD0796F53 /* Pods_Saudeja.framework */ = {isa = PBXFileReference; explicitFileType = wrapper.framework; includeInIndex = 0; path = Pods_Saudeja.framework; sourceTree = BUILT_PRODUCTS_DIR; };
		39F584803F35A462553F5FF3 /* Pods-Saudeja.release.xcconfig */ = {isa = PBXFileReference; includeInIndex = 1; lastKnownFileType = text.xcconfig; name = "Pods-Saudeja.release.xcconfig"; path = "Target Support Files/Pods-Saudeja/Pods-Saudeja.release.xcconfig"; sourceTree = "<group>"; };
		8C07A3D923181878006DBC75 /* ConfigViewController.swift */ = {isa = PBXFileReference; lastKnownFileType = sourcecode.swift; path = ConfigViewController.swift; sourceTree = "<group>"; };
		8C07A3DB231822CD006DBC75 /* PerfilViewController.swift */ = {isa = PBXFileReference; lastKnownFileType = sourcecode.swift; path = PerfilViewController.swift; sourceTree = "<group>"; };
		8C07A3DD2318230A006DBC75 /* CalendarioViewController.swift */ = {isa = PBXFileReference; lastKnownFileType = sourcecode.swift; path = CalendarioViewController.swift; sourceTree = "<group>"; };
		8C07A3DF23182379006DBC75 /* SaudeViewController.swift */ = {isa = PBXFileReference; lastKnownFileType = sourcecode.swift; path = SaudeViewController.swift; sourceTree = "<group>"; };
		8C07A3E12318239A006DBC75 /* LojasViewController.swift */ = {isa = PBXFileReference; lastKnownFileType = sourcecode.swift; path = LojasViewController.swift; sourceTree = "<group>"; };
		8C07A3E32318242A006DBC75 /* PrincipalTabBarController.swift */ = {isa = PBXFileReference; lastKnownFileType = sourcecode.swift; path = PrincipalTabBarController.swift; sourceTree = "<group>"; };
		8C07A3F123185565006DBC75 /* IndicesTableViewController.swift */ = {isa = PBXFileReference; lastKnownFileType = sourcecode.swift; path = IndicesTableViewController.swift; sourceTree = "<group>"; };
		8C07A3F323185573006DBC75 /* DicasTableViewController.swift */ = {isa = PBXFileReference; lastKnownFileType = sourcecode.swift; path = DicasTableViewController.swift; sourceTree = "<group>"; };
		8C07A3F523185585006DBC75 /* ReceitasTableViewController.swift */ = {isa = PBXFileReference; lastKnownFileType = sourcecode.swift; path = ReceitasTableViewController.swift; sourceTree = "<group>"; };
		8C07A3F72318558E006DBC75 /* AlimentosTableViewController.swift */ = {isa = PBXFileReference; lastKnownFileType = sourcecode.swift; path = AlimentosTableViewController.swift; sourceTree = "<group>"; };
		8C07A3F923187E9C006DBC75 /* AtividadeFisica.swift */ = {isa = PBXFileReference; lastKnownFileType = sourcecode.swift; path = AtividadeFisica.swift; sourceTree = "<group>"; };
		8C07A3FB231884BD006DBC75 /* ToolbarPickerView.swift */ = {isa = PBXFileReference; lastKnownFileType = sourcecode.swift; path = ToolbarPickerView.swift; sourceTree = "<group>"; };
		8C07A4012319B058006DBC75 /* ColumnStringPickerPopover.storyboard */ = {isa = PBXFileReference; fileEncoding = 4; lastKnownFileType = file.storyboard; name = ColumnStringPickerPopover.storyboard; path = Saudeja/Models/CustomPickerView/ColumnStringPickerPopover.storyboard; sourceTree = SOURCE_ROOT; };
		8C07A4022319B058006DBC75 /* ColumnStringPickerPopoverViewController.swift */ = {isa = PBXFileReference; fileEncoding = 4; lastKnownFileType = sourcecode.swift; name = ColumnStringPickerPopoverViewController.swift; path = Saudeja/Models/CustomPickerView/ColumnStringPickerPopoverViewController.swift; sourceTree = SOURCE_ROOT; };
		8C07A4032319B058006DBC75 /* ColumnStringPickerPopover.swift */ = {isa = PBXFileReference; fileEncoding = 4; lastKnownFileType = sourcecode.swift; name = ColumnStringPickerPopover.swift; path = Saudeja/Models/CustomPickerView/ColumnStringPickerPopover.swift; sourceTree = SOURCE_ROOT; };
		8C07A4072319B150006DBC75 /* AbstractPopover.swift */ = {isa = PBXFileReference; fileEncoding = 4; lastKnownFileType = sourcecode.swift; path = AbstractPopover.swift; sourceTree = "<group>"; };
		8C3721032312A1E2001D5580 /* Saudeja.app */ = {isa = PBXFileReference; explicitFileType = wrapper.application; includeInIndex = 0; path = Saudeja.app; sourceTree = BUILT_PRODUCTS_DIR; };
		8C3721062312A1E2001D5580 /* AppDelegate.swift */ = {isa = PBXFileReference; lastKnownFileType = sourcecode.swift; path = AppDelegate.swift; sourceTree = "<group>"; };
		8C3721082312A1E2001D5580 /* ViewController.swift */ = {isa = PBXFileReference; lastKnownFileType = sourcecode.swift; path = ViewController.swift; sourceTree = "<group>"; };
		8C37210D2312A1E5001D5580 /* Assets.xcassets */ = {isa = PBXFileReference; lastKnownFileType = folder.assetcatalog; path = Assets.xcassets; sourceTree = "<group>"; };
		8C3721102312A1E5001D5580 /* Base */ = {isa = PBXFileReference; lastKnownFileType = file.storyboard; name = Base; path = Base.lproj/LaunchScreen.storyboard; sourceTree = "<group>"; };
		8C3721122312A1E5001D5580 /* Info.plist */ = {isa = PBXFileReference; lastKnownFileType = text.plist.xml; path = Info.plist; sourceTree = "<group>"; };
		8C3721172312A1E5001D5580 /* SaudejaTests.xctest */ = {isa = PBXFileReference; explicitFileType = wrapper.cfbundle; includeInIndex = 0; path = SaudejaTests.xctest; sourceTree = BUILT_PRODUCTS_DIR; };
		8C37211B2312A1E5001D5580 /* SaudejaTests.swift */ = {isa = PBXFileReference; lastKnownFileType = sourcecode.swift; path = SaudejaTests.swift; sourceTree = "<group>"; };
		8C37211D2312A1E5001D5580 /* Info.plist */ = {isa = PBXFileReference; lastKnownFileType = text.plist.xml; path = Info.plist; sourceTree = "<group>"; };
		8C3721222312A1E5001D5580 /* SaudejaUITests.xctest */ = {isa = PBXFileReference; explicitFileType = wrapper.cfbundle; includeInIndex = 0; path = SaudejaUITests.xctest; sourceTree = BUILT_PRODUCTS_DIR; };
		8C3721262312A1E5001D5580 /* SaudejaUITests.swift */ = {isa = PBXFileReference; lastKnownFileType = sourcecode.swift; path = SaudejaUITests.swift; sourceTree = "<group>"; };
		8C3721282312A1E5001D5580 /* Info.plist */ = {isa = PBXFileReference; lastKnownFileType = text.plist.xml; path = Info.plist; sourceTree = "<group>"; };
		8C3721362312A3D3001D5580 /* GoogleService-Info.plist */ = {isa = PBXFileReference; fileEncoding = 4; lastKnownFileType = text.plist.xml; path = "GoogleService-Info.plist"; sourceTree = "<group>"; };
		8C79EAA4233196D000FD57F5 /* pickerAtividadesFisica.json */ = {isa = PBXFileReference; fileEncoding = 4; lastKnownFileType = text.json; path = pickerAtividadesFisica.json; sourceTree = "<group>"; };
		8CF57E0F2314521400571058 /* Main.storyboard */ = {isa = PBXFileReference; fileEncoding = 4; lastKnownFileType = file.storyboard; path = Main.storyboard; sourceTree = "<group>"; };
		8CF57E1123156B3100571058 /* EntrarViewController.swift */ = {isa = PBXFileReference; fileEncoding = 4; lastKnownFileType = sourcecode.swift; path = EntrarViewController.swift; sourceTree = "<group>"; };
		8CF57E1223156B3100571058 /* CadastroViewController.swift */ = {isa = PBXFileReference; fileEncoding = 4; lastKnownFileType = sourcecode.swift; path = CadastroViewController.swift; sourceTree = "<group>"; };
		8CF57E1523156BC200571058 /* Alerta.swift */ = {isa = PBXFileReference; fileEncoding = 4; lastKnownFileType = sourcecode.swift; path = Alerta.swift; sourceTree = "<group>"; };
		8CF57E1623156BC200571058 /* Usuario.swift */ = {isa = PBXFileReference; fileEncoding = 4; lastKnownFileType = sourcecode.swift; path = Usuario.swift; sourceTree = "<group>"; };
		E42B0D40BD97698AE33555F4 /* Pods-Saudeja.debug.xcconfig */ = {isa = PBXFileReference; includeInIndex = 1; lastKnownFileType = text.xcconfig; name = "Pods-Saudeja.debug.xcconfig"; path = "Target Support Files/Pods-Saudeja/Pods-Saudeja.debug.xcconfig"; sourceTree = "<group>"; };
/* End PBXFileReference section */

/* Begin PBXFrameworksBuildPhase section */
		8C3721002312A1E2001D5580 /* Frameworks */ = {
			isa = PBXFrameworksBuildPhase;
			buildActionMask = 2147483647;
			files = (
				03013E1015B4CF7FC7105B26 /* Pods_Saudeja.framework in Frameworks */,
			);
			runOnlyForDeploymentPostprocessing = 0;
		};
		8C3721142312A1E5001D5580 /* Frameworks */ = {
			isa = PBXFrameworksBuildPhase;
			buildActionMask = 2147483647;
			files = (
			);
			runOnlyForDeploymentPostprocessing = 0;
		};
		8C37211F2312A1E5001D5580 /* Frameworks */ = {
			isa = PBXFrameworksBuildPhase;
			buildActionMask = 2147483647;
			files = (
			);
			runOnlyForDeploymentPostprocessing = 0;
		};
/* End PBXFrameworksBuildPhase section */

/* Begin PBXGroup section */
		313AB42FB351B2C2FE252C9A /* Pods */ = {
			isa = PBXGroup;
			children = (
				E42B0D40BD97698AE33555F4 /* Pods-Saudeja.debug.xcconfig */,
				39F584803F35A462553F5FF3 /* Pods-Saudeja.release.xcconfig */,
			);
			path = Pods;
			sourceTree = "<group>";
		};
		8C07A3FF2319AE1E006DBC75 /* CustomPickerView */ = {
			isa = PBXGroup;
			children = (
				8C07A4072319B150006DBC75 /* AbstractPopover.swift */,
				8C07A4092319BC40006DBC75 /* PickerCalendario */,
				8C07A4002319AFD5006DBC75 /* PickerString */,
			);
			path = CustomPickerView;
			sourceTree = "<group>";
		};
		8C07A4002319AFD5006DBC75 /* PickerString */ = {
			isa = PBXGroup;
			children = (
				8C07A4012319B058006DBC75 /* ColumnStringPickerPopover.storyboard */,
				8C07A4032319B058006DBC75 /* ColumnStringPickerPopover.swift */,
				8C07A4022319B058006DBC75 /* ColumnStringPickerPopoverViewController.swift */,
			);
			path = PickerString;
			sourceTree = "<group>";
		};
		8C07A4092319BC40006DBC75 /* PickerCalendario */ = {
			isa = PBXGroup;
			children = (
			);
			path = PickerCalendario;
			sourceTree = "<group>";
		};
		8C3720FA2312A1E2001D5580 = {
			isa = PBXGroup;
			children = (
				8C3721052312A1E2001D5580 /* Saudeja */,
				8C37211A2312A1E5001D5580 /* SaudejaTests */,
				8C3721252312A1E5001D5580 /* SaudejaUITests */,
				8C3721042312A1E2001D5580 /* Products */,
				313AB42FB351B2C2FE252C9A /* Pods */,
				F05FFF5A0D26064CE89EC208 /* Frameworks */,
			);
			sourceTree = "<group>";
		};
		8C3721042312A1E2001D5580 /* Products */ = {
			isa = PBXGroup;
			children = (
				8C3721032312A1E2001D5580 /* Saudeja.app */,
				8C3721172312A1E5001D5580 /* SaudejaTests.xctest */,
				8C3721222312A1E5001D5580 /* SaudejaUITests.xctest */,
			);
			name = Products;
			sourceTree = "<group>";
		};
		8C3721052312A1E2001D5580 /* Saudeja */ = {
			isa = PBXGroup;
			children = (
				8CE83F352319CDDE00EC555F /* Json */,
				8C3721342312A2C3001D5580 /* Models */,
				8C3721352312A2CB001D5580 /* ViewControllers */,
				8C3721062312A1E2001D5580 /* AppDelegate.swift */,
				8C37210D2312A1E5001D5580 /* Assets.xcassets */,
				8CF57E0F2314521400571058 /* Main.storyboard */,
				8C37210F2312A1E5001D5580 /* LaunchScreen.storyboard */,
				8C3721122312A1E5001D5580 /* Info.plist */,
				8C3721362312A3D3001D5580 /* GoogleService-Info.plist */,
			);
			path = Saudeja;
			sourceTree = "<group>";
		};
		8C37211A2312A1E5001D5580 /* SaudejaTests */ = {
			isa = PBXGroup;
			children = (
				8C37211B2312A1E5001D5580 /* SaudejaTests.swift */,
				8C37211D2312A1E5001D5580 /* Info.plist */,
			);
			path = SaudejaTests;
			sourceTree = "<group>";
		};
		8C3721252312A1E5001D5580 /* SaudejaUITests */ = {
			isa = PBXGroup;
			children = (
				8C3721262312A1E5001D5580 /* SaudejaUITests.swift */,
				8C3721282312A1E5001D5580 /* Info.plist */,
			);
			path = SaudejaUITests;
			sourceTree = "<group>";
		};
		8C3721342312A2C3001D5580 /* Models */ = {
			isa = PBXGroup;
			children = (
				8C07A3FF2319AE1E006DBC75 /* CustomPickerView */,
				8CF57E1523156BC200571058 /* Alerta.swift */,
				8CF57E1623156BC200571058 /* Usuario.swift */,
				8C07A3F923187E9C006DBC75 /* AtividadeFisica.swift */,
				8C07A3FB231884BD006DBC75 /* ToolbarPickerView.swift */,
			);
			path = Models;
			sourceTree = "<group>";
		};
		8C3721352312A2CB001D5580 /* ViewControllers */ = {
			isa = PBXGroup;
			children = (
				8C3721082312A1E2001D5580 /* ViewController.swift */,
				8CF57E1223156B3100571058 /* CadastroViewController.swift */,
				8CF57E1123156B3100571058 /* EntrarViewController.swift */,
				8C07A3E32318242A006DBC75 /* PrincipalTabBarController.swift */,
				8C07A3DB231822CD006DBC75 /* PerfilViewController.swift */,
				8C07A3DD2318230A006DBC75 /* CalendarioViewController.swift */,
				8C07A3D923181878006DBC75 /* ConfigViewController.swift */,
				8C07A3DF23182379006DBC75 /* SaudeViewController.swift */,
				8C07A3F123185565006DBC75 /* IndicesTableViewController.swift */,
				8C07A3F323185573006DBC75 /* DicasTableViewController.swift */,
				8C07A3F523185585006DBC75 /* ReceitasTableViewController.swift */,
				8C07A3F72318558E006DBC75 /* AlimentosTableViewController.swift */,
				8C07A3E12318239A006DBC75 /* LojasViewController.swift */,
			);
			path = ViewControllers;
			sourceTree = "<group>";
		};
		8CE83F352319CDDE00EC555F /* Json */ = {
			isa = PBXGroup;
			children = (
				8C79EAA4233196D000FD57F5 /* pickerAtividadesFisica.json */,
			);
			path = Json;
			sourceTree = "<group>";
		};
		F05FFF5A0D26064CE89EC208 /* Frameworks */ = {
			isa = PBXGroup;
			children = (
				10C9AC8D67E8BF0CD0796F53 /* Pods_Saudeja.framework */,
			);
			name = Frameworks;
			sourceTree = "<group>";
		};
/* End PBXGroup section */

/* Begin PBXNativeTarget section */
		8C3721022312A1E2001D5580 /* Saudeja */ = {
			isa = PBXNativeTarget;
			buildConfigurationList = 8C37212B2312A1E5001D5580 /* Build configuration list for PBXNativeTarget "Saudeja" */;
			buildPhases = (
				B5F3BDC6DAEA844C18F44A25 /* [CP] Check Pods Manifest.lock */,
				8C3720FF2312A1E2001D5580 /* Sources */,
				8C3721002312A1E2001D5580 /* Frameworks */,
				8C3721012312A1E2001D5580 /* Resources */,
				06120D4402927F0E0F9867FF /* [CP] Embed Pods Frameworks */,
			);
			buildRules = (
			);
			dependencies = (
			);
			name = Saudeja;
			productName = Saudeja;
			productReference = 8C3721032312A1E2001D5580 /* Saudeja.app */;
			productType = "com.apple.product-type.application";
		};
		8C3721162312A1E5001D5580 /* SaudejaTests */ = {
			isa = PBXNativeTarget;
			buildConfigurationList = 8C37212E2312A1E5001D5580 /* Build configuration list for PBXNativeTarget "SaudejaTests" */;
			buildPhases = (
				8C3721132312A1E5001D5580 /* Sources */,
				8C3721142312A1E5001D5580 /* Frameworks */,
				8C3721152312A1E5001D5580 /* Resources */,
			);
			buildRules = (
			);
			dependencies = (
				8C3721192312A1E5001D5580 /* PBXTargetDependency */,
			);
			name = SaudejaTests;
			productName = SaudejaTests;
			productReference = 8C3721172312A1E5001D5580 /* SaudejaTests.xctest */;
			productType = "com.apple.product-type.bundle.unit-test";
		};
		8C3721212312A1E5001D5580 /* SaudejaUITests */ = {
			isa = PBXNativeTarget;
			buildConfigurationList = 8C3721312312A1E5001D5580 /* Build configuration list for PBXNativeTarget "SaudejaUITests" */;
			buildPhases = (
				8C37211E2312A1E5001D5580 /* Sources */,
				8C37211F2312A1E5001D5580 /* Frameworks */,
				8C3721202312A1E5001D5580 /* Resources */,
			);
			buildRules = (
			);
			dependencies = (
				8C3721242312A1E5001D5580 /* PBXTargetDependency */,
			);
			name = SaudejaUITests;
			productName = SaudejaUITests;
			productReference = 8C3721222312A1E5001D5580 /* SaudejaUITests.xctest */;
			productType = "com.apple.product-type.bundle.ui-testing";
		};
/* End PBXNativeTarget section */

/* Begin PBXProject section */
		8C3720FB2312A1E2001D5580 /* Project object */ = {
			isa = PBXProject;
			attributes = {
				LastSwiftUpdateCheck = 1030;
				LastUpgradeCheck = 1030;
				ORGANIZATIONNAME = "Ricardo Cavalcante";
				TargetAttributes = {
					8C3721022312A1E2001D5580 = {
						CreatedOnToolsVersion = 10.3;
					};
					8C3721162312A1E5001D5580 = {
						CreatedOnToolsVersion = 10.3;
						TestTargetID = 8C3721022312A1E2001D5580;
					};
					8C3721212312A1E5001D5580 = {
						CreatedOnToolsVersion = 10.3;
						TestTargetID = 8C3721022312A1E2001D5580;
					};
				};
			};
			buildConfigurationList = 8C3720FE2312A1E2001D5580 /* Build configuration list for PBXProject "Saudeja" */;
			compatibilityVersion = "Xcode 9.3";
			developmentRegion = en;
			hasScannedForEncodings = 0;
			knownRegions = (
				en,
				Base,
			);
			mainGroup = 8C3720FA2312A1E2001D5580;
			productRefGroup = 8C3721042312A1E2001D5580 /* Products */;
			projectDirPath = "";
			projectRoot = "";
			targets = (
				8C3721022312A1E2001D5580 /* Saudeja */,
				8C3721162312A1E5001D5580 /* SaudejaTests */,
				8C3721212312A1E5001D5580 /* SaudejaUITests */,
			);
		};
/* End PBXProject section */

/* Begin PBXResourcesBuildPhase section */
		8C3721012312A1E2001D5580 /* Resources */ = {
			isa = PBXResourcesBuildPhase;
			buildActionMask = 2147483647;
			files = (
				8C3721112312A1E5001D5580 /* LaunchScreen.storyboard in Resources */,
				8C3721372312A3D3001D5580 /* GoogleService-Info.plist in Resources */,
				8C37210E2312A1E5001D5580 /* Assets.xcassets in Resources */,
				8CF57E102314521400571058 /* Main.storyboard in Resources */,
				8C07A4042319B058006DBC75 /* ColumnStringPickerPopover.storyboard in Resources */,
				8C79EAA5233196D000FD57F5 /* pickerAtividadesFisica.json in Resources */,
			);
			runOnlyForDeploymentPostprocessing = 0;
		};
		8C3721152312A1E5001D5580 /* Resources */ = {
			isa = PBXResourcesBuildPhase;
			buildActionMask = 2147483647;
			files = (
			);
			runOnlyForDeploymentPostprocessing = 0;
		};
		8C3721202312A1E5001D5580 /* Resources */ = {
			isa = PBXResourcesBuildPhase;
			buildActionMask = 2147483647;
			files = (
			);
			runOnlyForDeploymentPostprocessing = 0;
		};
/* End PBXResourcesBuildPhase section */

/* Begin PBXShellScriptBuildPhase section */
		06120D4402927F0E0F9867FF /* [CP] Embed Pods Frameworks */ = {
			isa = PBXShellScriptBuildPhase;
			buildActionMask = 2147483647;
			files = (
			);
			inputFileListPaths = (
				"${PODS_ROOT}/Target Support Files/Pods-Saudeja/Pods-Saudeja-frameworks-${CONFIGURATION}-input-files.xcfilelist",
			);
			name = "[CP] Embed Pods Frameworks";
			outputFileListPaths = (
				"${PODS_ROOT}/Target Support Files/Pods-Saudeja/Pods-Saudeja-frameworks-${CONFIGURATION}-output-files.xcfilelist",
			);
			runOnlyForDeploymentPostprocessing = 0;
			shellPath = /bin/sh;
			shellScript = "\"${PODS_ROOT}/Target Support Files/Pods-Saudeja/Pods-Saudeja-frameworks.sh\"\n";
			showEnvVarsInLog = 0;
		};
		B5F3BDC6DAEA844C18F44A25 /* [CP] Check Pods Manifest.lock */ = {
			isa = PBXShellScriptBuildPhase;
			buildActionMask = 2147483647;
			files = (
			);
			inputFileListPaths = (
			);
			inputPaths = (
				"${PODS_PODFILE_DIR_PATH}/Podfile.lock",
				"${PODS_ROOT}/Manifest.lock",
			);
			name = "[CP] Check Pods Manifest.lock";
			outputFileListPaths = (
			);
			outputPaths = (
				"$(DERIVED_FILE_DIR)/Pods-Saudeja-checkManifestLockResult.txt",
			);
			runOnlyForDeploymentPostprocessing = 0;
			shellPath = /bin/sh;
			shellScript = "diff \"${PODS_PODFILE_DIR_PATH}/Podfile.lock\" \"${PODS_ROOT}/Manifest.lock\" > /dev/null\nif [ $? != 0 ] ; then\n    # print error to STDERR\n    echo \"error: The sandbox is not in sync with the Podfile.lock. Run 'pod install' or update your CocoaPods installation.\" >&2\n    exit 1\nfi\n# This output is used by Xcode 'outputs' to avoid re-running this script phase.\necho \"SUCCESS\" > \"${SCRIPT_OUTPUT_FILE_0}\"\n";
			showEnvVarsInLog = 0;
		};
/* End PBXShellScriptBuildPhase section */

/* Begin PBXSourcesBuildPhase section */
		8C3720FF2312A1E2001D5580 /* Sources */ = {
			isa = PBXSourcesBuildPhase;
			buildActionMask = 2147483647;
			files = (
				8C07A3F82318558E006DBC75 /* AlimentosTableViewController.swift in Sources */,
				8C3721092312A1E2001D5580 /* ViewController.swift in Sources */,
				8CF57E1723156BC200571058 /* Alerta.swift in Sources */,
				8CF57E1823156BC200571058 /* Usuario.swift in Sources */,
				8C3721072312A1E2001D5580 /* AppDelegate.swift in Sources */,
				8C07A3E22318239A006DBC75 /* LojasViewController.swift in Sources */,
				8C07A3FC231884BD006DBC75 /* ToolbarPickerView.swift in Sources */,
				8C07A3DE2318230A006DBC75 /* CalendarioViewController.swift in Sources */,
				8C07A4062319B058006DBC75 /* ColumnStringPickerPopover.swift in Sources */,
				8C07A3DA23181878006DBC75 /* ConfigViewController.swift in Sources */,
				8CF57E1323156B3100571058 /* EntrarViewController.swift in Sources */,
				8C07A3F223185565006DBC75 /* IndicesTableViewController.swift in Sources */,
				8C07A3F623185585006DBC75 /* ReceitasTableViewController.swift in Sources */,
				8C07A3E023182379006DBC75 /* SaudeViewController.swift in Sources */,
				8C07A3FA23187E9C006DBC75 /* AtividadeFisica.swift in Sources */,
				8C07A3F423185573006DBC75 /* DicasTableViewController.swift in Sources */,
				8C07A3E42318242A006DBC75 /* PrincipalTabBarController.swift in Sources */,
				8C07A3DC231822CD006DBC75 /* PerfilViewController.swift in Sources */,
				8CF57E1423156B3100571058 /* CadastroViewController.swift in Sources */,
				8C07A4082319B150006DBC75 /* AbstractPopover.swift in Sources */,
				8C07A4052319B058006DBC75 /* ColumnStringPickerPopoverViewController.swift in Sources */,
			);
			runOnlyForDeploymentPostprocessing = 0;
		};
		8C3721132312A1E5001D5580 /* Sources */ = {
			isa = PBXSourcesBuildPhase;
			buildActionMask = 2147483647;
			files = (
				8C37211C2312A1E5001D5580 /* SaudejaTests.swift in Sources */,
			);
			runOnlyForDeploymentPostprocessing = 0;
		};
		8C37211E2312A1E5001D5580 /* Sources */ = {
			isa = PBXSourcesBuildPhase;
			buildActionMask = 2147483647;
			files = (
				8C3721272312A1E5001D5580 /* SaudejaUITests.swift in Sources */,
			);
			runOnlyForDeploymentPostprocessing = 0;
		};
/* End PBXSourcesBuildPhase section */

/* Begin PBXTargetDependency section */
		8C3721192312A1E5001D5580 /* PBXTargetDependency */ = {
			isa = PBXTargetDependency;
			target = 8C3721022312A1E2001D5580 /* Saudeja */;
			targetProxy = 8C3721182312A1E5001D5580 /* PBXContainerItemProxy */;
		};
		8C3721242312A1E5001D5580 /* PBXTargetDependency */ = {
			isa = PBXTargetDependency;
			target = 8C3721022312A1E2001D5580 /* Saudeja */;
			targetProxy = 8C3721232312A1E5001D5580 /* PBXContainerItemProxy */;
		};
/* End PBXTargetDependency section */

/* Begin PBXVariantGroup section */
		8C37210F2312A1E5001D5580 /* LaunchScreen.storyboard */ = {
			isa = PBXVariantGroup;
			children = (
				8C3721102312A1E5001D5580 /* Base */,
			);
			name = LaunchScreen.storyboard;
			sourceTree = "<group>";
		};
/* End PBXVariantGroup section */

/* Begin XCBuildConfiguration section */
		8C3721292312A1E5001D5580 /* Debug */ = {
			isa = XCBuildConfiguration;
			buildSettings = {
				ALWAYS_SEARCH_USER_PATHS = NO;
				CLANG_ANALYZER_NONNULL = YES;
				CLANG_ANALYZER_NUMBER_OBJECT_CONVERSION = YES_AGGRESSIVE;
				CLANG_CXX_LANGUAGE_STANDARD = "gnu++14";
				CLANG_CXX_LIBRARY = "libc++";
				CLANG_ENABLE_MODULES = YES;
				CLANG_ENABLE_OBJC_ARC = YES;
				CLANG_ENABLE_OBJC_WEAK = YES;
				CLANG_WARN_BLOCK_CAPTURE_AUTORELEASING = YES;
				CLANG_WARN_BOOL_CONVERSION = YES;
				CLANG_WARN_COMMA = YES;
				CLANG_WARN_CONSTANT_CONVERSION = YES;
				CLANG_WARN_DEPRECATED_OBJC_IMPLEMENTATIONS = YES;
				CLANG_WARN_DIRECT_OBJC_ISA_USAGE = YES_ERROR;
				CLANG_WARN_DOCUMENTATION_COMMENTS = YES;
				CLANG_WARN_EMPTY_BODY = YES;
				CLANG_WARN_ENUM_CONVERSION = YES;
				CLANG_WARN_INFINITE_RECURSION = YES;
				CLANG_WARN_INT_CONVERSION = YES;
				CLANG_WARN_NON_LITERAL_NULL_CONVERSION = YES;
				CLANG_WARN_OBJC_IMPLICIT_RETAIN_SELF = YES;
				CLANG_WARN_OBJC_LITERAL_CONVERSION = YES;
				CLANG_WARN_OBJC_ROOT_CLASS = YES_ERROR;
				CLANG_WARN_RANGE_LOOP_ANALYSIS = YES;
				CLANG_WARN_STRICT_PROTOTYPES = YES;
				CLANG_WARN_SUSPICIOUS_MOVE = YES;
				CLANG_WARN_UNGUARDED_AVAILABILITY = YES_AGGRESSIVE;
				CLANG_WARN_UNREACHABLE_CODE = YES;
				CLANG_WARN__DUPLICATE_METHOD_MATCH = YES;
				CODE_SIGN_IDENTITY = "iPhone Developer";
				COPY_PHASE_STRIP = NO;
				DEBUG_INFORMATION_FORMAT = dwarf;
				ENABLE_STRICT_OBJC_MSGSEND = YES;
				ENABLE_TESTABILITY = YES;
				GCC_C_LANGUAGE_STANDARD = gnu11;
				GCC_DYNAMIC_NO_PIC = NO;
				GCC_NO_COMMON_BLOCKS = YES;
				GCC_OPTIMIZATION_LEVEL = 0;
				GCC_PREPROCESSOR_DEFINITIONS = (
					"DEBUG=1",
					"$(inherited)",
				);
				GCC_WARN_64_TO_32_BIT_CONVERSION = YES;
				GCC_WARN_ABOUT_RETURN_TYPE = YES_ERROR;
				GCC_WARN_UNDECLARED_SELECTOR = YES;
				GCC_WARN_UNINITIALIZED_AUTOS = YES_AGGRESSIVE;
				GCC_WARN_UNUSED_FUNCTION = YES;
				GCC_WARN_UNUSED_VARIABLE = YES;
				IPHONEOS_DEPLOYMENT_TARGET = 12.4;
				MTL_ENABLE_DEBUG_INFO = INCLUDE_SOURCE;
				MTL_FAST_MATH = YES;
				ONLY_ACTIVE_ARCH = YES;
				SDKROOT = iphoneos;
				SWIFT_ACTIVE_COMPILATION_CONDITIONS = DEBUG;
				SWIFT_OPTIMIZATION_LEVEL = "-Onone";
			};
			name = Debug;
		};
		8C37212A2312A1E5001D5580 /* Release */ = {
			isa = XCBuildConfiguration;
			buildSettings = {
				ALWAYS_SEARCH_USER_PATHS = NO;
				CLANG_ANALYZER_NONNULL = YES;
				CLANG_ANALYZER_NUMBER_OBJECT_CONVERSION = YES_AGGRESSIVE;
				CLANG_CXX_LANGUAGE_STANDARD = "gnu++14";
				CLANG_CXX_LIBRARY = "libc++";
				CLANG_ENABLE_MODULES = YES;
				CLANG_ENABLE_OBJC_ARC = YES;
				CLANG_ENABLE_OBJC_WEAK = YES;
				CLANG_WARN_BLOCK_CAPTURE_AUTORELEASING = YES;
				CLANG_WARN_BOOL_CONVERSION = YES;
				CLANG_WARN_COMMA = YES;
				CLANG_WARN_CONSTANT_CONVERSION = YES;
				CLANG_WARN_DEPRECATED_OBJC_IMPLEMENTATIONS = YES;
				CLANG_WARN_DIRECT_OBJC_ISA_USAGE = YES_ERROR;
				CLANG_WARN_DOCUMENTATION_COMMENTS = YES;
				CLANG_WARN_EMPTY_BODY = YES;
				CLANG_WARN_ENUM_CONVERSION = YES;
				CLANG_WARN_INFINITE_RECURSION = YES;
				CLANG_WARN_INT_CONVERSION = YES;
				CLANG_WARN_NON_LITERAL_NULL_CONVERSION = YES;
				CLANG_WARN_OBJC_IMPLICIT_RETAIN_SELF = YES;
				CLANG_WARN_OBJC_LITERAL_CONVERSION = YES;
				CLANG_WARN_OBJC_ROOT_CLASS = YES_ERROR;
				CLANG_WARN_RANGE_LOOP_ANALYSIS = YES;
				CLANG_WARN_STRICT_PROTOTYPES = YES;
				CLANG_WARN_SUSPICIOUS_MOVE = YES;
				CLANG_WARN_UNGUARDED_AVAILABILITY = YES_AGGRESSIVE;
				CLANG_WARN_UNREACHABLE_CODE = YES;
				CLANG_WARN__DUPLICATE_METHOD_MATCH = YES;
				CODE_SIGN_IDENTITY = "iPhone Developer";
				COPY_PHASE_STRIP = NO;
				DEBUG_INFORMATION_FORMAT = "dwarf-with-dsym";
				ENABLE_NS_ASSERTIONS = NO;
				ENABLE_STRICT_OBJC_MSGSEND = YES;
				GCC_C_LANGUAGE_STANDARD = gnu11;
				GCC_NO_COMMON_BLOCKS = YES;
				GCC_WARN_64_TO_32_BIT_CONVERSION = YES;
				GCC_WARN_ABOUT_RETURN_TYPE = YES_ERROR;
				GCC_WARN_UNDECLARED_SELECTOR = YES;
				GCC_WARN_UNINITIALIZED_AUTOS = YES_AGGRESSIVE;
				GCC_WARN_UNUSED_FUNCTION = YES;
				GCC_WARN_UNUSED_VARIABLE = YES;
				IPHONEOS_DEPLOYMENT_TARGET = 12.4;
				MTL_ENABLE_DEBUG_INFO = NO;
				MTL_FAST_MATH = YES;
				SDKROOT = iphoneos;
				SWIFT_COMPILATION_MODE = wholemodule;
				SWIFT_OPTIMIZATION_LEVEL = "-O";
				VALIDATE_PRODUCT = YES;
			};
			name = Release;
		};
		8C37212C2312A1E5001D5580 /* Debug */ = {
			isa = XCBuildConfiguration;
			baseConfigurationReference = E42B0D40BD97698AE33555F4 /* Pods-Saudeja.debug.xcconfig */;
			buildSettings = {
				ASSETCATALOG_COMPILER_APPICON_NAME = AppIcon;
				CODE_SIGN_STYLE = Automatic;
				DEVELOPMENT_TEAM = 69TKL86UBS;
				INFOPLIST_FILE = Saudeja/Info.plist;
				LD_RUNPATH_SEARCH_PATHS = (
					"$(inherited)",
					"@executable_path/Frameworks",
				);
				PRODUCT_BUNDLE_IDENTIFIER = br.com.rcbnet.Saudeja;
				PRODUCT_NAME = "$(TARGET_NAME)";
				SWIFT_VERSION = 5.0;
				TARGETED_DEVICE_FAMILY = "1,2";
			};
			name = Debug;
		};
		8C37212D2312A1E5001D5580 /* Release */ = {
			isa = XCBuildConfiguration;
			baseConfigurationReference = 39F584803F35A462553F5FF3 /* Pods-Saudeja.release.xcconfig */;
			buildSettings = {
				ASSETCATALOG_COMPILER_APPICON_NAME = AppIcon;
				CODE_SIGN_STYLE = Automatic;
				DEVELOPMENT_TEAM = 69TKL86UBS;
				INFOPLIST_FILE = Saudeja/Info.plist;
				LD_RUNPATH_SEARCH_PATHS = (
					"$(inherited)",
					"@executable_path/Frameworks",
				);
				PRODUCT_BUNDLE_IDENTIFIER = br.com.rcbnet.Saudeja;
				PRODUCT_NAME = "$(TARGET_NAME)";
				SWIFT_VERSION = 5.0;
				TARGETED_DEVICE_FAMILY = "1,2";
			};
			name = Release;
		};
		8C37212F2312A1E5001D5580 /* Debug */ = {
			isa = XCBuildConfiguration;
			buildSettings = {
				ALWAYS_EMBED_SWIFT_STANDARD_LIBRARIES = YES;
				BUNDLE_LOADER = "$(TEST_HOST)";
				CODE_SIGN_STYLE = Automatic;
				DEVELOPMENT_TEAM = 69TKL86UBS;
				INFOPLIST_FILE = SaudejaTests/Info.plist;
				LD_RUNPATH_SEARCH_PATHS = (
					"$(inherited)",
					"@executable_path/Frameworks",
					"@loader_path/Frameworks",
				);
				PRODUCT_BUNDLE_IDENTIFIER = br.com.rcbnet.SaudejaTests;
				PRODUCT_NAME = "$(TARGET_NAME)";
				SWIFT_VERSION = 5.0;
				TARGETED_DEVICE_FAMILY = "1,2";
				TEST_HOST = "$(BUILT_PRODUCTS_DIR)/Saudeja.app/Saudeja";
			};
			name = Debug;
		};
		8C3721302312A1E5001D5580 /* Release */ = {
			isa = XCBuildConfiguration;
			buildSettings = {
				ALWAYS_EMBED_SWIFT_STANDARD_LIBRARIES = YES;
				BUNDLE_LOADER = "$(TEST_HOST)";
				CODE_SIGN_STYLE = Automatic;
				DEVELOPMENT_TEAM = 69TKL86UBS;
				INFOPLIST_FILE = SaudejaTests/Info.plist;
				LD_RUNPATH_SEARCH_PATHS = (
					"$(inherited)",
					"@executable_path/Frameworks",
					"@loader_path/Frameworks",
				);
				PRODUCT_BUNDLE_IDENTIFIER = br.com.rcbnet.SaudejaTests;
				PRODUCT_NAME = "$(TARGET_NAME)";
				SWIFT_VERSION = 5.0;
				TARGETED_DEVICE_FAMILY = "1,2";
				TEST_HOST = "$(BUILT_PRODUCTS_DIR)/Saudeja.app/Saudeja";
			};
			name = Release;
		};
		8C3721322312A1E5001D5580 /* Debug */ = {
			isa = XCBuildConfiguration;
			buildSettings = {
				ALWAYS_EMBED_SWIFT_STANDARD_LIBRARIES = YES;
				CODE_SIGN_STYLE = Automatic;
				DEVELOPMENT_TEAM = 69TKL86UBS;
				INFOPLIST_FILE = SaudejaUITests/Info.plist;
				LD_RUNPATH_SEARCH_PATHS = (
					"$(inherited)",
					"@executable_path/Frameworks",
					"@loader_path/Frameworks",
				);
				PRODUCT_BUNDLE_IDENTIFIER = br.com.rcbnet.SaudejaUITests;
				PRODUCT_NAME = "$(TARGET_NAME)";
				SWIFT_VERSION = 5.0;
				TARGETED_DEVICE_FAMILY = "1,2";
				TEST_TARGET_NAME = Saudeja;
			};
			name = Debug;
		};
		8C3721332312A1E5001D5580 /* Release */ = {
			isa = XCBuildConfiguration;
			buildSettings = {
				ALWAYS_EMBED_SWIFT_STANDARD_LIBRARIES = YES;
				CODE_SIGN_STYLE = Automatic;
				DEVELOPMENT_TEAM = 69TKL86UBS;
				INFOPLIST_FILE = SaudejaUITests/Info.plist;
				LD_RUNPATH_SEARCH_PATHS = (
					"$(inherited)",
					"@executable_path/Frameworks",
					"@loader_path/Frameworks",
				);
				PRODUCT_BUNDLE_IDENTIFIER = br.com.rcbnet.SaudejaUITests;
				PRODUCT_NAME = "$(TARGET_NAME)";
				SWIFT_VERSION = 5.0;
				TARGETED_DEVICE_FAMILY = "1,2";
				TEST_TARGET_NAME = Saudeja;
			};
			name = Release;
		};
/* End XCBuildConfiguration section */

/* Begin XCConfigurationList section */
		8C3720FE2312A1E2001D5580 /* Build configuration list for PBXProject "Saudeja" */ = {
			isa = XCConfigurationList;
			buildConfigurations = (
				8C3721292312A1E5001D5580 /* Debug */,
				8C37212A2312A1E5001D5580 /* Release */,
			);
			defaultConfigurationIsVisible = 0;
			defaultConfigurationName = Release;
		};
		8C37212B2312A1E5001D5580 /* Build configuration list for PBXNativeTarget "Saudeja" */ = {
			isa = XCConfigurationList;
			buildConfigurations = (
				8C37212C2312A1E5001D5580 /* Debug */,
				8C37212D2312A1E5001D5580 /* Release */,
			);
			defaultConfigurationIsVisible = 0;
			defaultConfigurationName = Release;
		};
		8C37212E2312A1E5001D5580 /* Build configuration list for PBXNativeTarget "SaudejaTests" */ = {
			isa = XCConfigurationList;
			buildConfigurations = (
				8C37212F2312A1E5001D5580 /* Debug */,
				8C3721302312A1E5001D5580 /* Release */,
			);
			defaultConfigurationIsVisible = 0;
			defaultConfigurationName = Release;
		};
		8C3721312312A1E5001D5580 /* Build configuration list for PBXNativeTarget "SaudejaUITests" */ = {
			isa = XCConfigurationList;
			buildConfigurations = (
				8C3721322312A1E5001D5580 /* Debug */,
				8C3721332312A1E5001D5580 /* Release */,
			);
			defaultConfigurationIsVisible = 0;
			defaultConfigurationName = Release;
		};
/* End XCConfigurationList section */
	};
	rootObject = 8C3720FB2312A1E2001D5580 /* Project object */;
}
